
Microsoft Visual Studio Solution File, Format Version 12.00
# Visual Studio Version 17
VisualStudioVersion = 17.5.33414.496
MinimumVisualStudioVersion = 10.0.40219.1
Project("{FAE04EC0-301F-11D3-BF4B-00C04F79EFBC}") = "lab2V3", "lab2V3\lab2V3.csproj", "{C202F0E8-2FE7-4F21-9195-9A0D16A02A3A}"
EndProject
Global
	GlobalSection(SolutionConfigurationPlatforms) = preSolution
		Debug|Any CPU = Debug|Any CPU
		Release|Any CPU = Release|Any CPU
	EndGlobalSection
	GlobalSection(ProjectConfigurationPlatforms) = postSolution
		{C202F0E8-2FE7-4F21-9195-9A0D16A02A3A}.Debug|Any CPU.ActiveCfg = Debug|Any CPU
		{C202F0E8-2FE7-4F21-9195-9A0D16A02A3A}.Debug|Any CPU.Build.0 = Debug|Any CPU
		{C202F0E8-2FE7-4F21-9195-9A0D16A02A3A}.Release|Any CPU.ActiveCfg = Release|Any CPU
		{C202F0E8-2FE7-4F21-9195-9A0D16A02A3A}.Release|Any CPU.Build.0 = Release|Any CPU
	EndGlobalSection
	GlobalSection(SolutionProperties) = preSolution
		HideSolutionNode = FALSE
	EndGlobalSection
	GlobalSection(ExtensibilityGlobals) = postSolution
		SolutionGuid = {F4BDA5DD-3228-4C15-ACB4-0B8916D2A7D4}
	EndGlobalSection
EndGlobal
