
Microsoft Visual Studio Solution File, Format Version 12.00
# Visual Studio Version 17
VisualStudioVersion = 17.5.33414.496
MinimumVisualStudioVersion = 10.0.40219.1
Project("{FAE04EC0-301F-11D3-BF4B-00C04F79EFBC}") = "lab1V3", "lab1V3\lab1V3.csproj", "{34772368-F293-4DAA-85F7-565C63261011}"
EndProject
Global
	GlobalSection(SolutionConfigurationPlatforms) = preSolution
		Debug|Any CPU = Debug|Any CPU
		Release|Any CPU = Release|Any CPU
	EndGlobalSection
	GlobalSection(ProjectConfigurationPlatforms) = postSolution
		{34772368-F293-4DAA-85F7-565C63261011}.Debug|Any CPU.ActiveCfg = Debug|Any CPU
		{34772368-F293-4DAA-85F7-565C63261011}.Debug|Any CPU.Build.0 = Debug|Any CPU
		{34772368-F293-4DAA-85F7-565C63261011}.Release|Any CPU.ActiveCfg = Release|Any CPU
		{34772368-F293-4DAA-85F7-565C63261011}.Release|Any CPU.Build.0 = Release|Any CPU
	EndGlobalSection
	GlobalSection(SolutionProperties) = preSolution
		HideSolutionNode = FALSE
	EndGlobalSection
	GlobalSection(ExtensibilityGlobals) = postSolution
		SolutionGuid = {11247696-0A16-4458-9267-7630843D27E1}
	EndGlobalSection
EndGlobal
